// !$*UTF8*$!
{
	archiveVersion = 1;
	classes = {
	};
	objectVersion = 46;
	objects = {

/* Begin PBXBuildFile section */
		6E02D4FA5AE166268A852F3A /* Pods_AkiraIOSChallenge.framework in Frameworks */ = {isa = PBXBuildFile; fileRef = 3B1E2498A4F5F851824C3486 /* Pods_AkiraIOSChallenge.framework */; };
		952ED9A81EDF855200B2CE9A /* AppDelegate.swift in Sources */ = {isa = PBXBuildFile; fileRef = 952ED9A71EDF855200B2CE9A /* AppDelegate.swift */; };
		952ED9AA1EDF855200B2CE9A /* VideoViewController.swift in Sources */ = {isa = PBXBuildFile; fileRef = 952ED9A91EDF855200B2CE9A /* VideoViewController.swift */; };
		952ED9AD1EDF855200B2CE9A /* Main.storyboard in Resources */ = {isa = PBXBuildFile; fileRef = 952ED9AB1EDF855200B2CE9A /* Main.storyboard */; };
		952ED9B01EDF855200B2CE9A /* AkiraIOSChallenge.xcdatamodeld in Sources */ = {isa = PBXBuildFile; fileRef = 952ED9AE1EDF855200B2CE9A /* AkiraIOSChallenge.xcdatamodeld */; };
		952ED9B21EDF855200B2CE9A /* Assets.xcassets in Resources */ = {isa = PBXBuildFile; fileRef = 952ED9B11EDF855200B2CE9A /* Assets.xcassets */; };
		952ED9B51EDF855200B2CE9A /* LaunchScreen.storyboard in Resources */ = {isa = PBXBuildFile; fileRef = 952ED9B31EDF855200B2CE9A /* LaunchScreen.storyboard */; };
		952ED9C01EDF855200B2CE9A /* AkiraIOSChallengeTests.swift in Sources */ = {isa = PBXBuildFile; fileRef = 952ED9BF1EDF855200B2CE9A /* AkiraIOSChallengeTests.swift */; };
		952ED9CB1EDF855200B2CE9A /* AkiraIOSChallengeUITests.swift in Sources */ = {isa = PBXBuildFile; fileRef = 952ED9CA1EDF855200B2CE9A /* AkiraIOSChallengeUITests.swift */; };
		9536E6C41EE2487C006F4DFF /* Constants.swift in Sources */ = {isa = PBXBuildFile; fileRef = 9536E6C31EE2487C006F4DFF /* Constants.swift */; };
		95BDFB211EE0FD5800EBD56A /* ChatViewController.swift in Sources */ = {isa = PBXBuildFile; fileRef = 95BDFB201EE0FD5800EBD56A /* ChatViewController.swift */; };
		972213FD5738D198073718A8 /* Pods_AkiraIOSChallengeTests.framework in Frameworks */ = {isa = PBXBuildFile; fileRef = 845E4AC3264238F52672C1AD /* Pods_AkiraIOSChallengeTests.framework */; };
		C8AFFD5D299972ADAB2FEB75 /* Pods_AkiraIOSChallengeUITests.framework in Frameworks */ = {isa = PBXBuildFile; fileRef = 851FD6B000FE443B57188BF0 /* Pods_AkiraIOSChallengeUITests.framework */; };
/* End PBXBuildFile section */

/* Begin PBXContainerItemProxy section */
		952ED9BC1EDF855200B2CE9A /* PBXContainerItemProxy */ = {
			isa = PBXContainerItemProxy;
			containerPortal = 952ED99C1EDF855200B2CE9A /* Project object */;
			proxyType = 1;
			remoteGlobalIDString = 952ED9A31EDF855200B2CE9A;
			remoteInfo = AkiraIOSChallenge;
		};
		952ED9C71EDF855200B2CE9A /* PBXContainerItemProxy */ = {
			isa = PBXContainerItemProxy;
			containerPortal = 952ED99C1EDF855200B2CE9A /* Project object */;
			proxyType = 1;
			remoteGlobalIDString = 952ED9A31EDF855200B2CE9A;
			remoteInfo = AkiraIOSChallenge;
		};
/* End PBXContainerItemProxy section */

/* Begin PBXFileReference section */
		051C05B649CDFE7DBD140236 /* Pods-AkiraIOSChallenge.debug.xcconfig */ = {isa = PBXFileReference; includeInIndex = 1; lastKnownFileType = text.xcconfig; name = "Pods-AkiraIOSChallenge.debug.xcconfig"; path = "Pods/Target Support Files/Pods-AkiraIOSChallenge/Pods-AkiraIOSChallenge.debug.xcconfig"; sourceTree = "<group>"; };
		3B1E2498A4F5F851824C3486 /* Pods_AkiraIOSChallenge.framework */ = {isa = PBXFileReference; explicitFileType = wrapper.framework; includeInIndex = 0; path = Pods_AkiraIOSChallenge.framework; sourceTree = BUILT_PRODUCTS_DIR; };
		83F4C40E08C5B642113B1DD7 /* Pods-AkiraIOSChallengeTests.debug.xcconfig */ = {isa = PBXFileReference; includeInIndex = 1; lastKnownFileType = text.xcconfig; name = "Pods-AkiraIOSChallengeTests.debug.xcconfig"; path = "Pods/Target Support Files/Pods-AkiraIOSChallengeTests/Pods-AkiraIOSChallengeTests.debug.xcconfig"; sourceTree = "<group>"; };
		845E4AC3264238F52672C1AD /* Pods_AkiraIOSChallengeTests.framework */ = {isa = PBXFileReference; explicitFileType = wrapper.framework; includeInIndex = 0; path = Pods_AkiraIOSChallengeTests.framework; sourceTree = BUILT_PRODUCTS_DIR; };
		851FD6B000FE443B57188BF0 /* Pods_AkiraIOSChallengeUITests.framework */ = {isa = PBXFileReference; explicitFileType = wrapper.framework; includeInIndex = 0; path = Pods_AkiraIOSChallengeUITests.framework; sourceTree = BUILT_PRODUCTS_DIR; };
		8F52AE1A168E62B788E12EC4 /* Pods-AkiraIOSChallengeUITests.release.xcconfig */ = {isa = PBXFileReference; includeInIndex = 1; lastKnownFileType = text.xcconfig; name = "Pods-AkiraIOSChallengeUITests.release.xcconfig"; path = "Pods/Target Support Files/Pods-AkiraIOSChallengeUITests/Pods-AkiraIOSChallengeUITests.release.xcconfig"; sourceTree = "<group>"; };
		9153028DE9DA857A2A242062 /* Pods-AkiraIOSChallenge.release.xcconfig */ = {isa = PBXFileReference; includeInIndex = 1; lastKnownFileType = text.xcconfig; name = "Pods-AkiraIOSChallenge.release.xcconfig"; path = "Pods/Target Support Files/Pods-AkiraIOSChallenge/Pods-AkiraIOSChallenge.release.xcconfig"; sourceTree = "<group>"; };
		952ED9A41EDF855200B2CE9A /* AkiraIOSChallenge.app */ = {isa = PBXFileReference; explicitFileType = wrapper.application; includeInIndex = 0; path = AkiraIOSChallenge.app; sourceTree = BUILT_PRODUCTS_DIR; };
		952ED9A71EDF855200B2CE9A /* AppDelegate.swift */ = {isa = PBXFileReference; lastKnownFileType = sourcecode.swift; path = AppDelegate.swift; sourceTree = "<group>"; };
		952ED9A91EDF855200B2CE9A /* VideoViewController.swift */ = {isa = PBXFileReference; lastKnownFileType = sourcecode.swift; path = VideoViewController.swift; sourceTree = "<group>"; };
		952ED9AC1EDF855200B2CE9A /* Base */ = {isa = PBXFileReference; lastKnownFileType = file.storyboard; name = Base; path = Base.lproj/Main.storyboard; sourceTree = "<group>"; };
		952ED9AF1EDF855200B2CE9A /* AkiraIOSChallenge.xcdatamodel */ = {isa = PBXFileReference; lastKnownFileType = wrapper.xcdatamodel; path = AkiraIOSChallenge.xcdatamodel; sourceTree = "<group>"; };
		952ED9B11EDF855200B2CE9A /* Assets.xcassets */ = {isa = PBXFileReference; lastKnownFileType = folder.assetcatalog; path = Assets.xcassets; sourceTree = "<group>"; };
		952ED9B41EDF855200B2CE9A /* Base */ = {isa = PBXFileReference; lastKnownFileType = file.storyboard; name = Base; path = Base.lproj/LaunchScreen.storyboard; sourceTree = "<group>"; };
		952ED9B61EDF855200B2CE9A /* Info.plist */ = {isa = PBXFileReference; lastKnownFileType = text.plist.xml; path = Info.plist; sourceTree = "<group>"; };
		952ED9BB1EDF855200B2CE9A /* AkiraIOSChallengeTests.xctest */ = {isa = PBXFileReference; explicitFileType = wrapper.cfbundle; includeInIndex = 0; path = AkiraIOSChallengeTests.xctest; sourceTree = BUILT_PRODUCTS_DIR; };
		952ED9BF1EDF855200B2CE9A /* AkiraIOSChallengeTests.swift */ = {isa = PBXFileReference; lastKnownFileType = sourcecode.swift; path = AkiraIOSChallengeTests.swift; sourceTree = "<group>"; };
		952ED9C11EDF855200B2CE9A /* Info.plist */ = {isa = PBXFileReference; lastKnownFileType = text.plist.xml; path = Info.plist; sourceTree = "<group>"; };
		952ED9C61EDF855200B2CE9A /* AkiraIOSChallengeUITests.xctest */ = {isa = PBXFileReference; explicitFileType = wrapper.cfbundle; includeInIndex = 0; path = AkiraIOSChallengeUITests.xctest; sourceTree = BUILT_PRODUCTS_DIR; };
		952ED9CA1EDF855200B2CE9A /* AkiraIOSChallengeUITests.swift */ = {isa = PBXFileReference; lastKnownFileType = sourcecode.swift; path = AkiraIOSChallengeUITests.swift; sourceTree = "<group>"; };
		952ED9CC1EDF855200B2CE9A /* Info.plist */ = {isa = PBXFileReference; lastKnownFileType = text.plist.xml; path = Info.plist; sourceTree = "<group>"; };
		9536E6C31EE2487C006F4DFF /* Constants.swift */ = {isa = PBXFileReference; fileEncoding = 4; lastKnownFileType = sourcecode.swift; path = Constants.swift; sourceTree = "<group>"; };
		95BDFB201EE0FD5800EBD56A /* ChatViewController.swift */ = {isa = PBXFileReference; fileEncoding = 4; lastKnownFileType = sourcecode.swift; path = ChatViewController.swift; sourceTree = "<group>"; };
		9621AF6DCA5EFCA3638D8A7C /* Pods-AkiraIOSChallengeTests.release.xcconfig */ = {isa = PBXFileReference; includeInIndex = 1; lastKnownFileType = text.xcconfig; name = "Pods-AkiraIOSChallengeTests.release.xcconfig"; path = "Pods/Target Support Files/Pods-AkiraIOSChallengeTests/Pods-AkiraIOSChallengeTests.release.xcconfig"; sourceTree = "<group>"; };
		A2525A9019F923D406D23A87 /* Pods-AkiraIOSChallengeUITests.debug.xcconfig */ = {isa = PBXFileReference; includeInIndex = 1; lastKnownFileType = text.xcconfig; name = "Pods-AkiraIOSChallengeUITests.debug.xcconfig"; path = "Pods/Target Support Files/Pods-AkiraIOSChallengeUITests/Pods-AkiraIOSChallengeUITests.debug.xcconfig"; sourceTree = "<group>"; };
/* End PBXFileReference section */

/* Begin PBXFrameworksBuildPhase section */
		952ED9A11EDF855200B2CE9A /* Frameworks */ = {
			isa = PBXFrameworksBuildPhase;
			buildActionMask = 2147483647;
			files = (
				6E02D4FA5AE166268A852F3A /* Pods_AkiraIOSChallenge.framework in Frameworks */,
			);
			runOnlyForDeploymentPostprocessing = 0;
		};
		952ED9B81EDF855200B2CE9A /* Frameworks */ = {
			isa = PBXFrameworksBuildPhase;
			buildActionMask = 2147483647;
			files = (
				972213FD5738D198073718A8 /* Pods_AkiraIOSChallengeTests.framework in Frameworks */,
			);
			runOnlyForDeploymentPostprocessing = 0;
		};
		952ED9C31EDF855200B2CE9A /* Frameworks */ = {
			isa = PBXFrameworksBuildPhase;
			buildActionMask = 2147483647;
			files = (
				C8AFFD5D299972ADAB2FEB75 /* Pods_AkiraIOSChallengeUITests.framework in Frameworks */,
			);
			runOnlyForDeploymentPostprocessing = 0;
		};
/* End PBXFrameworksBuildPhase section */

/* Begin PBXGroup section */
		952ED99B1EDF855200B2CE9A = {
			isa = PBXGroup;
			children = (
				952ED9A61EDF855200B2CE9A /* AkiraIOSChallenge */,
				952ED9BE1EDF855200B2CE9A /* AkiraIOSChallengeTests */,
				952ED9C91EDF855200B2CE9A /* AkiraIOSChallengeUITests */,
				952ED9A51EDF855200B2CE9A /* Products */,
				B8CBF4CFDBA30D3C74C89FCE /* Pods */,
				E27B69BD3874BDC47FA561F4 /* Frameworks */,
			);
			sourceTree = "<group>";
		};
		952ED9A51EDF855200B2CE9A /* Products */ = {
			isa = PBXGroup;
			children = (
				952ED9A41EDF855200B2CE9A /* AkiraIOSChallenge.app */,
				952ED9BB1EDF855200B2CE9A /* AkiraIOSChallengeTests.xctest */,
				952ED9C61EDF855200B2CE9A /* AkiraIOSChallengeUITests.xctest */,
			);
			name = Products;
			sourceTree = "<group>";
		};
		952ED9A61EDF855200B2CE9A /* AkiraIOSChallenge */ = {
			isa = PBXGroup;
			children = (
				952ED9D81EDF857500B2CE9A /* Storyboards */,
				952ED9D91EDF858000B2CE9A /* Views */,
				952ED9DA1EDF858600B2CE9A /* Models */,
				952ED9DB1EDF858F00B2CE9A /* Services */,
				952ED9DC1EDF85B200B2CE9A /* Sources */,
			);
			path = AkiraIOSChallenge;
			sourceTree = "<group>";
		};
		952ED9BE1EDF855200B2CE9A /* AkiraIOSChallengeTests */ = {
			isa = PBXGroup;
			children = (
				952ED9BF1EDF855200B2CE9A /* AkiraIOSChallengeTests.swift */,
				952ED9C11EDF855200B2CE9A /* Info.plist */,
			);
			path = AkiraIOSChallengeTests;
			sourceTree = "<group>";
		};
		952ED9C91EDF855200B2CE9A /* AkiraIOSChallengeUITests */ = {
			isa = PBXGroup;
			children = (
				952ED9CA1EDF855200B2CE9A /* AkiraIOSChallengeUITests.swift */,
				952ED9CC1EDF855200B2CE9A /* Info.plist */,
			);
			path = AkiraIOSChallengeUITests;
			sourceTree = "<group>";
		};
		952ED9D81EDF857500B2CE9A /* Storyboards */ = {
			isa = PBXGroup;
			children = (
				952ED9AB1EDF855200B2CE9A /* Main.storyboard */,
			);
			name = Storyboards;
			sourceTree = "<group>";
		};
		952ED9D91EDF858000B2CE9A /* Views */ = {
			isa = PBXGroup;
			children = (
				952ED9A91EDF855200B2CE9A /* VideoViewController.swift */,
				95BDFB201EE0FD5800EBD56A /* ChatViewController.swift */,
			);
			name = Views;
			sourceTree = "<group>";
		};
		952ED9DA1EDF858600B2CE9A /* Models */ = {
			isa = PBXGroup;
			children = (
			);
			name = Models;
			sourceTree = "<group>";
		};
		952ED9DB1EDF858F00B2CE9A /* Services */ = {
			isa = PBXGroup;
			children = (
			);
			name = Services;
			sourceTree = "<group>";
		};
		952ED9DC1EDF85B200B2CE9A /* Sources */ = {
			isa = PBXGroup;
			children = (
				952ED9A71EDF855200B2CE9A /* AppDelegate.swift */,
				952ED9B11EDF855200B2CE9A /* Assets.xcassets */,
				952ED9B31EDF855200B2CE9A /* LaunchScreen.storyboard */,
				952ED9B61EDF855200B2CE9A /* Info.plist */,
				952ED9AE1EDF855200B2CE9A /* AkiraIOSChallenge.xcdatamodeld */,
				9536E6C31EE2487C006F4DFF /* Constants.swift */,
			);
			name = Sources;
			sourceTree = "<group>";
		};
		B8CBF4CFDBA30D3C74C89FCE /* Pods */ = {
			isa = PBXGroup;
			children = (
				051C05B649CDFE7DBD140236 /* Pods-AkiraIOSChallenge.debug.xcconfig */,
				9153028DE9DA857A2A242062 /* Pods-AkiraIOSChallenge.release.xcconfig */,
				83F4C40E08C5B642113B1DD7 /* Pods-AkiraIOSChallengeTests.debug.xcconfig */,
				9621AF6DCA5EFCA3638D8A7C /* Pods-AkiraIOSChallengeTests.release.xcconfig */,
				A2525A9019F923D406D23A87 /* Pods-AkiraIOSChallengeUITests.debug.xcconfig */,
				8F52AE1A168E62B788E12EC4 /* Pods-AkiraIOSChallengeUITests.release.xcconfig */,
			);
			name = Pods;
			sourceTree = "<group>";
		};
		E27B69BD3874BDC47FA561F4 /* Frameworks */ = {
			isa = PBXGroup;
			children = (
				3B1E2498A4F5F851824C3486 /* Pods_AkiraIOSChallenge.framework */,
				845E4AC3264238F52672C1AD /* Pods_AkiraIOSChallengeTests.framework */,
				851FD6B000FE443B57188BF0 /* Pods_AkiraIOSChallengeUITests.framework */,
			);
			name = Frameworks;
			sourceTree = "<group>";
		};
/* End PBXGroup section */

/* Begin PBXNativeTarget section */
		952ED9A31EDF855200B2CE9A /* AkiraIOSChallenge */ = {
			isa = PBXNativeTarget;
			buildConfigurationList = 952ED9CF1EDF855200B2CE9A /* Build configuration list for PBXNativeTarget "AkiraIOSChallenge" */;
			buildPhases = (
				A0F519D3D26B4B787EB855A4 /* [CP] Check Pods Manifest.lock */,
				952ED9A01EDF855200B2CE9A /* Sources */,
				952ED9A11EDF855200B2CE9A /* Frameworks */,
				952ED9A21EDF855200B2CE9A /* Resources */,
				6FF87281896CB3AA1CF5F790 /* [CP] Embed Pods Frameworks */,
				CF35E47B4EE0355462FE8E21 /* [CP] Copy Pods Resources */,
			);
			buildRules = (
			);
			dependencies = (
			);
			name = AkiraIOSChallenge;
			productName = AkiraIOSChallenge;
			productReference = 952ED9A41EDF855200B2CE9A /* AkiraIOSChallenge.app */;
			productType = "com.apple.product-type.application";
		};
		952ED9BA1EDF855200B2CE9A /* AkiraIOSChallengeTests */ = {
			isa = PBXNativeTarget;
			buildConfigurationList = 952ED9D21EDF855200B2CE9A /* Build configuration list for PBXNativeTarget "AkiraIOSChallengeTests" */;
			buildPhases = (
				4D930E96311E9675FA18FB7C /* [CP] Check Pods Manifest.lock */,
				952ED9B71EDF855200B2CE9A /* Sources */,
				952ED9B81EDF855200B2CE9A /* Frameworks */,
				952ED9B91EDF855200B2CE9A /* Resources */,
				10FD11BA1E55A7DEA29110F0 /* [CP] Embed Pods Frameworks */,
				2B395ABECC7748D2848D959D /* [CP] Copy Pods Resources */,
			);
			buildRules = (
			);
			dependencies = (
				952ED9BD1EDF855200B2CE9A /* PBXTargetDependency */,
			);
			name = AkiraIOSChallengeTests;
			productName = AkiraIOSChallengeTests;
			productReference = 952ED9BB1EDF855200B2CE9A /* AkiraIOSChallengeTests.xctest */;
			productType = "com.apple.product-type.bundle.unit-test";
		};
		952ED9C51EDF855200B2CE9A /* AkiraIOSChallengeUITests */ = {
			isa = PBXNativeTarget;
			buildConfigurationList = 952ED9D51EDF855200B2CE9A /* Build configuration list for PBXNativeTarget "AkiraIOSChallengeUITests" */;
			buildPhases = (
				56A125F9E3B0CE05A60D3AEB /* [CP] Check Pods Manifest.lock */,
				952ED9C21EDF855200B2CE9A /* Sources */,
				952ED9C31EDF855200B2CE9A /* Frameworks */,
				952ED9C41EDF855200B2CE9A /* Resources */,
				45248833070F91DC1BE2DC30 /* [CP] Embed Pods Frameworks */,
				2150A76E78B66EDEC8D46BA2 /* [CP] Copy Pods Resources */,
			);
			buildRules = (
			);
			dependencies = (
				952ED9C81EDF855200B2CE9A /* PBXTargetDependency */,
			);
			name = AkiraIOSChallengeUITests;
			productName = AkiraIOSChallengeUITests;
			productReference = 952ED9C61EDF855200B2CE9A /* AkiraIOSChallengeUITests.xctest */;
			productType = "com.apple.product-type.bundle.ui-testing";
		};
/* End PBXNativeTarget section */

/* Begin PBXProject section */
		952ED99C1EDF855200B2CE9A /* Project object */ = {
			isa = PBXProject;
			attributes = {
				LastSwiftUpdateCheck = 0830;
				LastUpgradeCheck = 0830;
				ORGANIZATIONNAME = Daren;
				TargetAttributes = {
					952ED9A31EDF855200B2CE9A = {
						CreatedOnToolsVersion = 8.3.2;
						DevelopmentTeam = U2DQ2B2NSD;
						ProvisioningStyle = Automatic;
					};
					952ED9BA1EDF855200B2CE9A = {
						CreatedOnToolsVersion = 8.3.2;
						DevelopmentTeam = U2DQ2B2NSD;
						ProvisioningStyle = Automatic;
						TestTargetID = 952ED9A31EDF855200B2CE9A;
					};
					952ED9C51EDF855200B2CE9A = {
						CreatedOnToolsVersion = 8.3.2;
						DevelopmentTeam = U2DQ2B2NSD;
						ProvisioningStyle = Automatic;
						TestTargetID = 952ED9A31EDF855200B2CE9A;
					};
				};
			};
			buildConfigurationList = 952ED99F1EDF855200B2CE9A /* Build configuration list for PBXProject "AkiraIOSChallenge" */;
			compatibilityVersion = "Xcode 3.2";
			developmentRegion = English;
			hasScannedForEncodings = 0;
			knownRegions = (
				en,
				Base,
			);
			mainGroup = 952ED99B1EDF855200B2CE9A;
			productRefGroup = 952ED9A51EDF855200B2CE9A /* Products */;
			projectDirPath = "";
			projectRoot = "";
			targets = (
				952ED9A31EDF855200B2CE9A /* AkiraIOSChallenge */,
				952ED9BA1EDF855200B2CE9A /* AkiraIOSChallengeTests */,
				952ED9C51EDF855200B2CE9A /* AkiraIOSChallengeUITests */,
			);
		};
/* End PBXProject section */

/* Begin PBXResourcesBuildPhase section */
		952ED9A21EDF855200B2CE9A /* Resources */ = {
			isa = PBXResourcesBuildPhase;
			buildActionMask = 2147483647;
			files = (
				952ED9B51EDF855200B2CE9A /* LaunchScreen.storyboard in Resources */,
				952ED9B21EDF855200B2CE9A /* Assets.xcassets in Resources */,
				952ED9AD1EDF855200B2CE9A /* Main.storyboard in Resources */,
			);
			runOnlyForDeploymentPostprocessing = 0;
		};
		952ED9B91EDF855200B2CE9A /* Resources */ = {
			isa = PBXResourcesBuildPhase;
			buildActionMask = 2147483647;
			files = (
			);
			runOnlyForDeploymentPostprocessing = 0;
		};
		952ED9C41EDF855200B2CE9A /* Resources */ = {
			isa = PBXResourcesBuildPhase;
			buildActionMask = 2147483647;
			files = (
			);
			runOnlyForDeploymentPostprocessing = 0;
		};
/* End PBXResourcesBuildPhase section */

/* Begin PBXShellScriptBuildPhase section */
		10FD11BA1E55A7DEA29110F0 /* [CP] Embed Pods Frameworks */ = {
			isa = PBXShellScriptBuildPhase;
			buildActionMask = 2147483647;
			files = (
			);
			inputPaths = (
			);
			name = "[CP] Embed Pods Frameworks";
			outputPaths = (
			);
			runOnlyForDeploymentPostprocessing = 0;
			shellPath = /bin/sh;
			shellScript = "\"${SRCROOT}/Pods/Target Support Files/Pods-AkiraIOSChallengeTests/Pods-AkiraIOSChallengeTests-frameworks.sh\"\n";
			showEnvVarsInLog = 0;
		};
		2150A76E78B66EDEC8D46BA2 /* [CP] Copy Pods Resources */ = {
			isa = PBXShellScriptBuildPhase;
			buildActionMask = 2147483647;
			files = (
			);
			inputPaths = (
			);
			name = "[CP] Copy Pods Resources";
			outputPaths = (
			);
			runOnlyForDeploymentPostprocessing = 0;
			shellPath = /bin/sh;
			shellScript = "\"${SRCROOT}/Pods/Target Support Files/Pods-AkiraIOSChallengeUITests/Pods-AkiraIOSChallengeUITests-resources.sh\"\n";
			showEnvVarsInLog = 0;
		};
		2B395ABECC7748D2848D959D /* [CP] Copy Pods Resources */ = {
			isa = PBXShellScriptBuildPhase;
			buildActionMask = 2147483647;
			files = (
			);
			inputPaths = (
			);
			name = "[CP] Copy Pods Resources";
			outputPaths = (
			);
			runOnlyForDeploymentPostprocessing = 0;
			shellPath = /bin/sh;
			shellScript = "\"${SRCROOT}/Pods/Target Support Files/Pods-AkiraIOSChallengeTests/Pods-AkiraIOSChallengeTests-resources.sh\"\n";
			showEnvVarsInLog = 0;
		};
		45248833070F91DC1BE2DC30 /* [CP] Embed Pods Frameworks */ = {
			isa = PBXShellScriptBuildPhase;
			buildActionMask = 2147483647;
			files = (
			);
			inputPaths = (
			);
			name = "[CP] Embed Pods Frameworks";
			outputPaths = (
			);
			runOnlyForDeploymentPostprocessing = 0;
			shellPath = /bin/sh;
			shellScript = "\"${SRCROOT}/Pods/Target Support Files/Pods-AkiraIOSChallengeUITests/Pods-AkiraIOSChallengeUITests-frameworks.sh\"\n";
			showEnvVarsInLog = 0;
		};
		4D930E96311E9675FA18FB7C /* [CP] Check Pods Manifest.lock */ = {
			isa = PBXShellScriptBuildPhase;
			buildActionMask = 2147483647;
			files = (
			);
			inputPaths = (
			);
			name = "[CP] Check Pods Manifest.lock";
			outputPaths = (
			);
			runOnlyForDeploymentPostprocessing = 0;
			shellPath = /bin/sh;
			shellScript = "diff \"${PODS_PODFILE_DIR_PATH}/Podfile.lock\" \"${PODS_ROOT}/Manifest.lock\" > /dev/null\nif [ $? != 0 ] ; then\n    # print error to STDERR\n    echo \"error: The sandbox is not in sync with the Podfile.lock. Run 'pod install' or update your CocoaPods installation.\" >&2\n    exit 1\nfi\n";
			showEnvVarsInLog = 0;
		};
		56A125F9E3B0CE05A60D3AEB /* [CP] Check Pods Manifest.lock */ = {
			isa = PBXShellScriptBuildPhase;
			buildActionMask = 2147483647;
			files = (
			);
			inputPaths = (
			);
			name = "[CP] Check Pods Manifest.lock";
			outputPaths = (
			);
			runOnlyForDeploymentPostprocessing = 0;
			shellPath = /bin/sh;
			shellScript = "diff \"${PODS_PODFILE_DIR_PATH}/Podfile.lock\" \"${PODS_ROOT}/Manifest.lock\" > /dev/null\nif [ $? != 0 ] ; then\n    # print error to STDERR\n    echo \"error: The sandbox is not in sync with the Podfile.lock. Run 'pod install' or update your CocoaPods installation.\" >&2\n    exit 1\nfi\n";
			showEnvVarsInLog = 0;
		};
		6FF87281896CB3AA1CF5F790 /* [CP] Embed Pods Frameworks */ = {
			isa = PBXShellScriptBuildPhase;
			buildActionMask = 2147483647;
			files = (
			);
			inputPaths = (
			);
			name = "[CP] Embed Pods Frameworks";
			outputPaths = (
			);
			runOnlyForDeploymentPostprocessing = 0;
			shellPath = /bin/sh;
			shellScript = "\"${SRCROOT}/Pods/Target Support Files/Pods-AkiraIOSChallenge/Pods-AkiraIOSChallenge-frameworks.sh\"\n";
			showEnvVarsInLog = 0;
		};
		A0F519D3D26B4B787EB855A4 /* [CP] Check Pods Manifest.lock */ = {
			isa = PBXShellScriptBuildPhase;
			buildActionMask = 2147483647;
			files = (
			);
			inputPaths = (
			);
			name = "[CP] Check Pods Manifest.lock";
			outputPaths = (
			);
			runOnlyForDeploymentPostprocessing = 0;
			shellPath = /bin/sh;
			shellScript = "diff \"${PODS_PODFILE_DIR_PATH}/Podfile.lock\" \"${PODS_ROOT}/Manifest.lock\" > /dev/null\nif [ $? != 0 ] ; then\n    # print error to STDERR\n    echo \"error: The sandbox is not in sync with the Podfile.lock. Run 'pod install' or update your CocoaPods installation.\" >&2\n    exit 1\nfi\n";
			showEnvVarsInLog = 0;
		};
		CF35E47B4EE0355462FE8E21 /* [CP] Copy Pods Resources */ = {
			isa = PBXShellScriptBuildPhase;
			buildActionMask = 2147483647;
			files = (
			);
			inputPaths = (
			);
			name = "[CP] Copy Pods Resources";
			outputPaths = (
			);
			runOnlyForDeploymentPostprocessing = 0;
			shellPath = /bin/sh;
			shellScript = "\"${SRCROOT}/Pods/Target Support Files/Pods-AkiraIOSChallenge/Pods-AkiraIOSChallenge-resources.sh\"\n";
			showEnvVarsInLog = 0;
		};
/* End PBXShellScriptBuildPhase section */

/* Begin PBXSourcesBuildPhase section */
		952ED9A01EDF855200B2CE9A /* Sources */ = {
			isa = PBXSourcesBuildPhase;
			buildActionMask = 2147483647;
			files = (
				9536E6C41EE2487C006F4DFF /* Constants.swift in Sources */,
				952ED9B01EDF855200B2CE9A /* AkiraIOSChallenge.xcdatamodeld in Sources */,
				952ED9AA1EDF855200B2CE9A /* VideoViewController.swift in Sources */,
				95BDFB211EE0FD5800EBD56A /* ChatViewController.swift in Sources */,
				952ED9A81EDF855200B2CE9A /* AppDelegate.swift in Sources */,
			);
			runOnlyForDeploymentPostprocessing = 0;
		};
		952ED9B71EDF855200B2CE9A /* Sources */ = {
			isa = PBXSourcesBuildPhase;
			buildActionMask = 2147483647;
			files = (
				952ED9C01EDF855200B2CE9A /* AkiraIOSChallengeTests.swift in Sources */,
			);
			runOnlyForDeploymentPostprocessing = 0;
		};
		952ED9C21EDF855200B2CE9A /* Sources */ = {
			isa = PBXSourcesBuildPhase;
			buildActionMask = 2147483647;
			files = (
				952ED9CB1EDF855200B2CE9A /* AkiraIOSChallengeUITests.swift in Sources */,
			);
			runOnlyForDeploymentPostprocessing = 0;
		};
/* End PBXSourcesBuildPhase section */

/* Begin PBXTargetDependency section */
		952ED9BD1EDF855200B2CE9A /* PBXTargetDependency */ = {
			isa = PBXTargetDependency;
			target = 952ED9A31EDF855200B2CE9A /* AkiraIOSChallenge */;
			targetProxy = 952ED9BC1EDF855200B2CE9A /* PBXContainerItemProxy */;
		};
		952ED9C81EDF855200B2CE9A /* PBXTargetDependency */ = {
			isa = PBXTargetDependency;
			target = 952ED9A31EDF855200B2CE9A /* AkiraIOSChallenge */;
			targetProxy = 952ED9C71EDF855200B2CE9A /* PBXContainerItemProxy */;
		};
/* End PBXTargetDependency section */

/* Begin PBXVariantGroup section */
		952ED9AB1EDF855200B2CE9A /* Main.storyboard */ = {
			isa = PBXVariantGroup;
			children = (
				952ED9AC1EDF855200B2CE9A /* Base */,
			);
			name = Main.storyboard;
			sourceTree = "<group>";
		};
		952ED9B31EDF855200B2CE9A /* LaunchScreen.storyboard */ = {
			isa = PBXVariantGroup;
			children = (
				952ED9B41EDF855200B2CE9A /* Base */,
			);
			name = LaunchScreen.storyboard;
			sourceTree = "<group>";
		};
/* End PBXVariantGroup section */

/* Begin XCBuildConfiguration section */
		952ED9CD1EDF855200B2CE9A /* Debug */ = {
			isa = XCBuildConfiguration;
			buildSettings = {
				ALWAYS_SEARCH_USER_PATHS = NO;
				CLANG_ANALYZER_NONNULL = YES;
				CLANG_ANALYZER_NUMBER_OBJECT_CONVERSION = YES_AGGRESSIVE;
				CLANG_CXX_LANGUAGE_STANDARD = "gnu++0x";
				CLANG_CXX_LIBRARY = "libc++";
				CLANG_ENABLE_MODULES = YES;
				CLANG_ENABLE_OBJC_ARC = YES;
				CLANG_WARN_BOOL_CONVERSION = YES;
				CLANG_WARN_CONSTANT_CONVERSION = YES;
				CLANG_WARN_DIRECT_OBJC_ISA_USAGE = YES_ERROR;
				CLANG_WARN_DOCUMENTATION_COMMENTS = YES;
				CLANG_WARN_EMPTY_BODY = YES;
				CLANG_WARN_ENUM_CONVERSION = YES;
				CLANG_WARN_INFINITE_RECURSION = YES;
				CLANG_WARN_INT_CONVERSION = YES;
				CLANG_WARN_OBJC_ROOT_CLASS = YES_ERROR;
				CLANG_WARN_SUSPICIOUS_MOVE = YES;
				CLANG_WARN_UNREACHABLE_CODE = YES;
				CLANG_WARN__DUPLICATE_METHOD_MATCH = YES;
				"CODE_SIGN_IDENTITY[sdk=iphoneos*]" = "iPhone Developer";
				COPY_PHASE_STRIP = NO;
				DEBUG_INFORMATION_FORMAT = dwarf;
				ENABLE_STRICT_OBJC_MSGSEND = YES;
				ENABLE_TESTABILITY = YES;
				GCC_C_LANGUAGE_STANDARD = gnu99;
				GCC_DYNAMIC_NO_PIC = NO;
				GCC_NO_COMMON_BLOCKS = YES;
				GCC_OPTIMIZATION_LEVEL = 0;
				GCC_PREPROCESSOR_DEFINITIONS = (
					"DEBUG=1",
					"$(inherited)",
				);
				GCC_WARN_64_TO_32_BIT_CONVERSION = YES;
				GCC_WARN_ABOUT_RETURN_TYPE = YES_ERROR;
				GCC_WARN_UNDECLARED_SELECTOR = YES;
				GCC_WARN_UNINITIALIZED_AUTOS = YES_AGGRESSIVE;
				GCC_WARN_UNUSED_FUNCTION = YES;
				GCC_WARN_UNUSED_VARIABLE = YES;
				IPHONEOS_DEPLOYMENT_TARGET = 10.3;
				MTL_ENABLE_DEBUG_INFO = YES;
				ONLY_ACTIVE_ARCH = YES;
				SDKROOT = iphoneos;
				SWIFT_ACTIVE_COMPILATION_CONDITIONS = DEBUG;
				SWIFT_OPTIMIZATION_LEVEL = "-Onone";
				TARGETED_DEVICE_FAMILY = "1,2";
			};
			name = Debug;
		};
		952ED9CE1EDF855200B2CE9A /* Release */ = {
			isa = XCBuildConfiguration;
			buildSettings = {
				ALWAYS_SEARCH_USER_PATHS = NO;
				CLANG_ANALYZER_NONNULL = YES;
				CLANG_ANALYZER_NUMBER_OBJECT_CONVERSION = YES_AGGRESSIVE;
				CLANG_CXX_LANGUAGE_STANDARD = "gnu++0x";
				CLANG_CXX_LIBRARY = "libc++";
				CLANG_ENABLE_MODULES = YES;
				CLANG_ENABLE_OBJC_ARC = YES;
				CLANG_WARN_BOOL_CONVERSION = YES;
				CLANG_WARN_CONSTANT_CONVERSION = YES;
				CLANG_WARN_DIRECT_OBJC_ISA_USAGE = YES_ERROR;
				CLANG_WARN_DOCUMENTATION_COMMENTS = YES;
				CLANG_WARN_EMPTY_BODY = YES;
				CLANG_WARN_ENUM_CONVERSION = YES;
				CLANG_WARN_INFINITE_RECURSION = YES;
				CLANG_WARN_INT_CONVERSION = YES;
				CLANG_WARN_OBJC_ROOT_CLASS = YES_ERROR;
				CLANG_WARN_SUSPICIOUS_MOVE = YES;
				CLANG_WARN_UNREACHABLE_CODE = YES;
				CLANG_WARN__DUPLICATE_METHOD_MATCH = YES;
				"CODE_SIGN_IDENTITY[sdk=iphoneos*]" = "iPhone Developer";
				COPY_PHASE_STRIP = NO;
				DEBUG_INFORMATION_FORMAT = "dwarf-with-dsym";
				ENABLE_NS_ASSERTIONS = NO;
				ENABLE_STRICT_OBJC_MSGSEND = YES;
				GCC_C_LANGUAGE_STANDARD = gnu99;
				GCC_NO_COMMON_BLOCKS = YES;
				GCC_WARN_64_TO_32_BIT_CONVERSION = YES;
				GCC_WARN_ABOUT_RETURN_TYPE = YES_ERROR;
				GCC_WARN_UNDECLARED_SELECTOR = YES;
				GCC_WARN_UNINITIALIZED_AUTOS = YES_AGGRESSIVE;
				GCC_WARN_UNUSED_FUNCTION = YES;
				GCC_WARN_UNUSED_VARIABLE = YES;
				IPHONEOS_DEPLOYMENT_TARGET = 10.3;
				MTL_ENABLE_DEBUG_INFO = NO;
				SDKROOT = iphoneos;
				SWIFT_OPTIMIZATION_LEVEL = "-Owholemodule";
				TARGETED_DEVICE_FAMILY = "1,2";
				VALIDATE_PRODUCT = YES;
			};
			name = Release;
		};
		952ED9D01EDF855200B2CE9A /* Debug */ = {
			isa = XCBuildConfiguration;
			baseConfigurationReference = 051C05B649CDFE7DBD140236 /* Pods-AkiraIOSChallenge.debug.xcconfig */;
			buildSettings = {
				ASSETCATALOG_COMPILER_APPICON_NAME = AppIcon;
				DEVELOPMENT_TEAM = U2DQ2B2NSD;
				INFOPLIST_FILE = AkiraIOSChallenge/Info.plist;
				LD_RUNPATH_SEARCH_PATHS = "$(inherited) @executable_path/Frameworks";
				PRODUCT_BUNDLE_IDENTIFIER = "com.Darren.-AkiraChallenge.iOS.AkiraIOSChallenge";
				PRODUCT_NAME = "$(TARGET_NAME)";
				SWIFT_VERSION = 3.0;
			};
			name = Debug;
		};
		952ED9D11EDF855200B2CE9A /* Release */ = {
			isa = XCBuildConfiguration;
			baseConfigurationReference = 9153028DE9DA857A2A242062 /* Pods-AkiraIOSChallenge.release.xcconfig */;
			buildSettings = {
				ASSETCATALOG_COMPILER_APPICON_NAME = AppIcon;
				DEVELOPMENT_TEAM = U2DQ2B2NSD;
				INFOPLIST_FILE = AkiraIOSChallenge/Info.plist;
				LD_RUNPATH_SEARCH_PATHS = "$(inherited) @executable_path/Frameworks";
				PRODUCT_BUNDLE_IDENTIFIER = "com.Darren.-AkiraChallenge.iOS.AkiraIOSChallenge";
				PRODUCT_NAME = "$(TARGET_NAME)";
				SWIFT_VERSION = 3.0;
			};
			name = Release;
		};
		952ED9D31EDF855200B2CE9A /* Debug */ = {
			isa = XCBuildConfiguration;
			baseConfigurationReference = 83F4C40E08C5B642113B1DD7 /* Pods-AkiraIOSChallengeTests.debug.xcconfig */;
			buildSettings = {
				ALWAYS_EMBED_SWIFT_STANDARD_LIBRARIES = YES;
				BUNDLE_LOADER = "$(TEST_HOST)";
				DEVELOPMENT_TEAM = U2DQ2B2NSD;
				INFOPLIST_FILE = AkiraIOSChallengeTests/Info.plist;
				LD_RUNPATH_SEARCH_PATHS = "$(inherited) @executable_path/Frameworks @loader_path/Frameworks";
				PRODUCT_BUNDLE_IDENTIFIER = "com.Darren.-AkiraChallenge.iOS.AkiraIOSChallengeTests";
				PRODUCT_NAME = "$(TARGET_NAME)";
				SWIFT_VERSION = 3.0;
				TEST_HOST = "$(BUILT_PRODUCTS_DIR)/AkiraIOSChallenge.app/AkiraIOSChallenge";
			};
			name = Debug;
		};
		952ED9D41EDF855200B2CE9A /* Release */ = {
			isa = XCBuildConfiguration;
			baseConfigurationReference = 9621AF6DCA5EFCA3638D8A7C /* Pods-AkiraIOSChallengeTests.release.xcconfig */;
			buildSettings = {
				ALWAYS_EMBED_SWIFT_STANDARD_LIBRARIES = YES;
				BUNDLE_LOADER = "$(TEST_HOST)";
				DEVELOPMENT_TEAM = U2DQ2B2NSD;
				INFOPLIST_FILE = AkiraIOSChallengeTests/Info.plist;
				LD_RUNPATH_SEARCH_PATHS = "$(inherited) @executable_path/Frameworks @loader_path/Frameworks";
				PRODUCT_BUNDLE_IDENTIFIER = "com.Darren.-AkiraChallenge.iOS.AkiraIOSChallengeTests";
				PRODUCT_NAME = "$(TARGET_NAME)";
				SWIFT_VERSION = 3.0;
				TEST_HOST = "$(BUILT_PRODUCTS_DIR)/AkiraIOSChallenge.app/AkiraIOSChallenge";
			};
			name = Release;
		};
		952ED9D61EDF855200B2CE9A /* Debug */ = {
			isa = XCBuildConfiguration;
			baseConfigurationReference = A2525A9019F923D406D23A87 /* Pods-AkiraIOSChallengeUITests.debug.xcconfig */;
			buildSettings = {
				ALWAYS_EMBED_SWIFT_STANDARD_LIBRARIES = YES;
				DEVELOPMENT_TEAM = U2DQ2B2NSD;
				INFOPLIST_FILE = AkiraIOSChallengeUITests/Info.plist;
				LD_RUNPATH_SEARCH_PATHS = "$(inherited) @executable_path/Frameworks @loader_path/Frameworks";
				PRODUCT_BUNDLE_IDENTIFIER = "com.Darren.-AkiraChallenge.iOS.AkiraIOSChallengeUITests";
				PRODUCT_NAME = "$(TARGET_NAME)";
				SWIFT_VERSION = 3.0;
				TEST_TARGET_NAME = AkiraIOSChallenge;
			};
			name = Debug;
		};
		952ED9D71EDF855200B2CE9A /* Release */ = {
			isa = XCBuildConfiguration;
			baseConfigurationReference = 8F52AE1A168E62B788E12EC4 /* Pods-AkiraIOSChallengeUITests.release.xcconfig */;
			buildSettings = {
				ALWAYS_EMBED_SWIFT_STANDARD_LIBRARIES = YES;
				DEVELOPMENT_TEAM = U2DQ2B2NSD;
				INFOPLIST_FILE = AkiraIOSChallengeUITests/Info.plist;
				LD_RUNPATH_SEARCH_PATHS = "$(inherited) @executable_path/Frameworks @loader_path/Frameworks";
				PRODUCT_BUNDLE_IDENTIFIER = "com.Darren.-AkiraChallenge.iOS.AkiraIOSChallengeUITests";
				PRODUCT_NAME = "$(TARGET_NAME)";
				SWIFT_VERSION = 3.0;
				TEST_TARGET_NAME = AkiraIOSChallenge;
			};
			name = Release;
		};
/* End XCBuildConfiguration section */

/* Begin XCConfigurationList section */
		952ED99F1EDF855200B2CE9A /* Build configuration list for PBXProject "AkiraIOSChallenge" */ = {
			isa = XCConfigurationList;
			buildConfigurations = (
				952ED9CD1EDF855200B2CE9A /* Debug */,
				952ED9CE1EDF855200B2CE9A /* Release */,
			);
			defaultConfigurationIsVisible = 0;
			defaultConfigurationName = Release;
		};
		952ED9CF1EDF855200B2CE9A /* Build configuration list for PBXNativeTarget "AkiraIOSChallenge" */ = {
			isa = XCConfigurationList;
			buildConfigurations = (
				952ED9D01EDF855200B2CE9A /* Debug */,
				952ED9D11EDF855200B2CE9A /* Release */,
			);
			defaultConfigurationIsVisible = 0;
			defaultConfigurationName = Release;
		};
		952ED9D21EDF855200B2CE9A /* Build configuration list for PBXNativeTarget "AkiraIOSChallengeTests" */ = {
			isa = XCConfigurationList;
			buildConfigurations = (
				952ED9D31EDF855200B2CE9A /* Debug */,
				952ED9D41EDF855200B2CE9A /* Release */,
			);
			defaultConfigurationIsVisible = 0;
			defaultConfigurationName = Release;
		};
		952ED9D51EDF855200B2CE9A /* Build configuration list for PBXNativeTarget "AkiraIOSChallengeUITests" */ = {
			isa = XCConfigurationList;
			buildConfigurations = (
				952ED9D61EDF855200B2CE9A /* Debug */,
				952ED9D71EDF855200B2CE9A /* Release */,
			);
			defaultConfigurationIsVisible = 0;
			defaultConfigurationName = Release;
		};
/* End XCConfigurationList section */

/* Begin XCVersionGroup section */
		952ED9AE1EDF855200B2CE9A /* AkiraIOSChallenge.xcdatamodeld */ = {
			isa = XCVersionGroup;
			children = (
				952ED9AF1EDF855200B2CE9A /* AkiraIOSChallenge.xcdatamodel */,
			);
			currentVersion = 952ED9AF1EDF855200B2CE9A /* AkiraIOSChallenge.xcdatamodel */;
			path = AkiraIOSChallenge.xcdatamodeld;
			sourceTree = "<group>";
			versionGroupType = wrapper.xcdatamodel;
		};
/* End XCVersionGroup section */
	};
	rootObject = 952ED99C1EDF855200B2CE9A /* Project object */;
}
